github.com/bytedance/sonic v1.9.1 h1:6iJ7g1GMR6ZDz/Sm8E69PE4w2vFdp3XsP7UwwVqT2JA=
github.com/bytedance/sonic v1.9.1/go.mod h1:iysMJCgjp6pLMHrTv6FwKPKjbbQmXmktzSvqI7dDgIQ=
github.com/cespare/xxhash/v2 v2.2.0 h1:DC2CZ1Ep6YXFmOj4x3WZDJCzJFk1pWY72EBTz4q71A4=
github.com/cespare/xxhash/v2 v2.2.0/go.mod h1:VGX0DQ3Q6kWi7AoAeZDthPU/j7Afo7tUk2U1M3O82TQ=
github.com/chenzhuoyu/base64x v0.0.0-20221115062448-fe3a3abad311 h1:77SGEqVVmkHoLcDwoWzUykgRHoLoTv6Xc42x4nzP7Es=
github.com/chenzhuoyu/base64x v0.0.0-20221115062448-fe3a3abad311/go.mod h1:b583jCgg4vBMmGFMDBfBAKxM7yJa8Tz+gHPCsJMH9HU=
github.com/dgryski/go-rendezvous v0.0.0-20200823014737-9f7001d12a5f h1:lO4PWD4oUxeHIAVVUk9iHt8P0E9dnqB5FJGdkVTVvTo=
github.com/dgryski/go-rendezvous v0.0.0-20200823014737-9f7001d12a5f/go.mod h1:cuUVRXAsLTupBZPQHL+fdviTtWw/J9DC6eArNqBK10Q=
github.com/gabriel-vasile/mimetype v1.4.2 h1:RfJAZ8EVCBNfuM7VQGRVwRrUl58FhRHcYdkhFFdtt4A=
github.com/gabriel-vasile/mimetype v1.4.2/go.mod h1:JStLhZH7TqFi7b0R5pE3RmHBfP6roGzYNMkcT3FZ5DI=
github.com/gin-contrib/sse v0.1.0 h1:Y/yl/+YNO8GZSjAhjMsSuLt29uWRFHdHYUb5lYOV9qE=
github.com/gin-contrib/sse v0.1.0/go.mod h1:RHrZQHXnP2xjPF+u1gW/2HnVO7nvIa9PG3Gm+fLHvGI=
github.com/gin-gonic/gin v1.9.1 h1:4idEAncQnU5cB7BeOkPtxjfCSye0AAm1R0RVIqFPSHk=
github.com/gin-gonic/gin v1.9.1/go.mod h1:hPrL7YrpqKsVZBTv7PKEy06sCqZ69gWVM1eG9WJGgU0=
github.com/go-playground/locales v0.14.1 h1:EWaQ/wswjilfKLTECiXz7Rh+3BjFhfDFKv/oXslEjJA=
github.com/go-playground/locales v0.14.1/go.mod h1:hxrTtS5Pv/+Lrja3jCtC0NvM39U6ksFhN1kYBj1jAyQ=
github.com/go-playground/universal-translator v0.18.1 h1:B82m2YFvx1xxG1bp3FYk7w3wtQ1iKgZSxLbsTH2ZPOQ=
github.com/go-playground/universal-translator v0.18.1/go.mod h1:ekxdLZ1eOvKPCnYrWzyu+pcLlqH0i0HjkgHrWFL1Mjo=
github.com/go-playground/validator/v10 v10.14.0 h1:okA3r1cbCVdjyqby/4HmWL05xnJ7ynMPurq7xSPP+ZY=
github.com/go-playground/validator/v10 v10.14.0/go.mod h1:9f3j2j1sPIjjNNpBQz8w9xNqIqjW1FSrlRqfwnJY/og=
github.com/goccy/go-json v0.10.2 h1:CrxCmQqYDkv1z7lO7Wbh2HN93uovUHgrECaO5ZrCXAU=
github.com/goccy/go-json v0.10.2/go.mod h1:6MelG93GURQebXPDq3khkgXZkazVtN9CRI+MGFi0w8I=
github.com/golang-jwt/jwt/v5 v5.2.0 h1:d6ixi75vQmGBR9VUEIHEw1uL4L6LzFnU0nzOY5Ih8JY=
github.com/golang-jwt/jwt/v5 v5.2.0/go.mod h1:pqrtFR0X4osieyHYxtmOUWsAWrfe1Q5UVIyoH402zdk=
github.com/gorilla/websocket v1.5.1 h1:gmztn0JnHVt9JZquRuzLw3g4wouNVzKL15iLr/zn/QY=
github.com/gorilla/websocket v1.5.1/go.mod h1:x3kM2JMyaluk02fnUJpQuwD2dCS5NDG2ZHL0uE0tcaY=
github.com/jackc/pgpassfile v1.0.0 h1:/6HmqyE/S0d9CgSsvk5aOqDvIA2oi4I9qEG2mrfuhSs=
github.com/jackc/pgpassfile v1.0.0/go.mod h1:B5hDXKpE8BGBAwmj1J6B5hL1dZMHujL4Ql1WxnjD7Tc=
github.com/jackc/pgservicefile v0.0.0-20221227161230-091c0ba34f0a h1:bbg+Z+WDRb4f4vUJqSSVlBzGDBwr0F4ryZx9MiM0JIA=
github.com/jackc/pgservicefile v0.0.0-20221227161230-091c0ba34f0a/go.mod h1:5D22gRkBQ8ItlrAuUE8sy6O7JpgpZkV6pq2hDPQvmTw=
github.com/jackc/pgx/v5 v5.5.0 h1:Y2D4tkQzivHLwMzhgdrMk6K9UfGwXiRMtI6J7qLxNPw=
github.com/jackc/pgx/v5 v5.5.0/go.mod h1:qmeDu4Bz9lDDggDBsl2Skqjm3HKDtQp4M8+I6TY3Ybs=
github.com/jackc/puddle/v2 v2.2.1 h1:RkdpUUzcT6KBJDwBKPFGM6LQ3pH5HZcT2oFDUPtABNQ=
github.com/jackc/puddle/v2 v2.2.1/go.mod h1:108HhA70r0MjK1GYz09iv6NjeAeY8pXHM7W1VPtNtEw=
github.com/joho/godotenv v1.5.1 h1:7eLL/+ERGLUMMiuHvP7kSdZRKC/0zWUJZUf6MFSRjvE=
github.com/joho/godotenv v1.5.1/go.mod h1:f4LDr5Voq0iI3XgSgrqElojdSYqf3tAwKvlLTjL3Gvk=
github.com/json-iterator/go v1.1.12 h1:PV8peI4a0ysnczrg+LtxykD8LfKO9bsgbnx1DE04i4s=
github.com/json-iterator/go v1.1.12/go.mod h1:e30LSqwooZae/iwl9R2bWzkR2fX6mKK5rcVMP1EnrLI=
github.com/klauspost/cpuid/v2 v2.2.4 h1:acbojRNwl3o09bUq+yDCtZFc1aiwaAAxtcn8Yk66nvM=
github.com/klauspost/cpuid/v2 v2.2.4/go.mod h1:RVVoqg1df56z8g3pUjL/3lE5UfnlrJX8tyFgg4nqhuY=
github.com/leodido/go-urn v1.2.4 h1:XlAE/cm/ms7TE/lVMIn1uivcxmItv2DaLgjdKx+HUwY=
github.com/leodido/go-urn v1.2.4/go.mod h1:7ZrI8mTSeBSHl/UaRyKQW1qZeMgak41ANeCNaVckg+4=
github.com/mattn/go-isatty v0.0.19 h1:JITUBQjzMbb7bZpgmf4H7u2JXH6gHSzPa5rtlnp5FqU=
github.com/mattn/go-isatty v0.0.19/go.mod h1:W+Vrjl8j+HB5ofFQpvZLkATXABF1iLVLxRdnvM6XeCg=
github.com/modern-go/concurrent v0.0.0-20180306012644-bacd9c7ef1dd h1:TRLaZ9cD/w8PVh93nsPXa1UQJhxjkjE2AI3aTyPqBs0=
github.com/modern-go/concurrent v0.0.0-20180306012644-bacd9c7ef1dd/go.mod h1:6dJC0mAP4ikYIbvyc7Bf1LKQ5Bhbz0ZuPa7S7E5qYE4=
github.com/modern-go/reflect2 v1.0.2 h1:xBagoLtFs94CBntxluKEaJgAvvlMsQq7JtWj0xyKW+c=
github.com/modern-go/reflect2 v1.0.2/go.mod h1:yWuevngMOJpCy52FWWMvUC8ws7m/LJsjYzDa0/r8lME=
github.com/pelletier/go-toml/v2 v2.0.8 h1:0B6Lb6YqWqM9KkL6ZLJ5bJGhMGYGBqt0GYfzLdT5Ihw=
github.com/pelletier/go-toml/v2 v2.0.8/go.mod h1:vuNif7WmJb+/zjnKfNw8dZlLiMhGtKxI2JNgSBRLMkw=
github.com/redis/go-redis/v9 v9.3.0 h1:4YrLlYx9DKrHBkFUM5Si9hJ9mE21MJH1Mm8FS1H6Irw=
github.com/redis/go-redis/v9 v9.3.0/go.mod h1:uUzm4p7zQZ7tiMx8ZSwpc1ASfhqSuzeUVdBpwIre7Fk=
github.com/twitchyliquid64/golang-asm v0.15.1 h1:SU5vSMR7hnwNxj24w34ZyCi/FmDZTkS4MhqMhdFk5YI=
github.com/twitchyliquid64/golang-asm v0.15.1/go.mod h1:aSTlUtRqmEaEKOmwEUKH9Qdz0YdLl3LvUrD0RGVHJLA=
github.com/ugorji/go/codec v1.2.11 h1:BMaWp1Bb6fHwEtbplGBGJ498wD+LKlNSv25fMaZEjaU=
github.com/ugorji/go/codec v1.2.11/go.mod h1:UNopzCgEMSXjBc6AOMqYvWC1ktqTAfzJZUZgYf+ifGo=
golang.org/x/arch v0.3.0 h1:02VZ4s3UaOqsPz5WZ8zU6NRyzI8LsZC2DqvODtPfJPA=
golang.org/x/arch v0.3.0/go.mod h1:5om86z9Hs29CfMzYt1FmMmJgpJqB4TmAA0V4a4tpDOB=
golang.org/x/crypto v0.16.0 h1:mMMrFzRSCF0GvB7Ne27XVtVAaXLrPmgPC7/v0tkwHaY=
golang.org/x/crypto v0.16.0/go.mod h1:gCAAfMLgwOJRpTjQ2zCCt2OcSfYMTeZVSRtQlPC7Nq4=
golang.org/x/net v0.18.0 h1:ETW3ydJF7lyJ9k8qA2kxgmGbVzx9L5AF2mOWhP93iWk=
golang.org/x/net v0.18.0/go.mod h1:/d9hgvdVjWHfGWwJJT+mmAPxYpqjN8JUQhS9UDb3ZzM=
golang.org/x/sys v0.15.0 h1:h48lPFYpsTvQJZF4EKyPY4iaxoat2dL+JkckWRsXNiE=
golang.org/x/sys v0.15.0/go.mod h1:/VUhepiaJMQUp4+oa/7Zr1D23ma6VTLIYjOOTFZPUcA=
golang.org/x/text v0.14.0 h1:ScX5w1eTa3QqT8oi6+ziP7dTV1S2+ALU0bI+0zXKWiQ=
golang.org/x/text v0.14.0/go.mod h1:18ZOQIKpY8NJVqYksKHtTdi31H5itFRjB5/qKTNYzSU=
google.golang.org/protobuf v1.30.0 h1:kPPoIgf3TsEvrm0PFD51J3VQNKwG62PjZeWNdlB8XHA=
google.golang.org/protobuf v1.30.0/go.mod h1:CQVIvRJJaUJePpGJJcJFK5tYPIHcnLsnJqyTDcPIREI=
gopkg.in/yaml.v3 v3.0.1 h1:fxVm/GzAzEWqLHuvctI91KS9hhNmmWOoWu0XTYJS7CA=
gopkg.in/yaml.v3 v3.0.1/go.mod h1:K4uyk7z2Kux0oI6S5XDHrxiWPaXJPLQnDgKPk3TIQ/8=
